
Microsoft Visual Studio Solution File, Format Version 12.00
# Visual Studio Version 16
VisualStudioVersion = 16.0.31410.357
MinimumVisualStudioVersion = 10.0.40219.1
Project("{FAE04EC0-301F-11D3-BF4B-00C04F79EFBC}") = "AngularCoreShop", "AngularCoreShop\AngularCoreShop.csproj", "{1DE16E4E-A6F2-4D9F-9609-ABADE2833C67}"
EndProject
Project("{9A19103F-16F7-4668-BE54-9A1E7A4F7556}") = "BusinessLayer", "BusinessLayer\BusinessLayer.csproj", "{AED71019-22BB-41AC-9159-9B1979C267DD}"
EndProject
Project("{9A19103F-16F7-4668-BE54-9A1E7A4F7556}") = "Infrastructure", "Infrastructure\Infrastructure.csproj", "{ED12AEC1-E1B2-4302-8DE4-886ED3082BD0}"
EndProject
Project("{9A19103F-16F7-4668-BE54-9A1E7A4F7556}") = "ServiceLayer", "ServiceLayer\ServiceLayer.csproj", "{A5B3C532-0354-4A4B-9A2A-9FB015C40D5F}"
EndProject
Project("{9A19103F-16F7-4668-BE54-9A1E7A4F7556}") = "NetCoreAngularShopTests", "NetCoreAngularShopTests\NetCoreAngularShopTests.csproj", "{9216E48B-81C3-4BE3-9E51-1E4A730E1706}"
EndProject
Global
	GlobalSection(SolutionConfigurationPlatforms) = preSolution
		Debug|Any CPU = Debug|Any CPU
		Release|Any CPU = Release|Any CPU
	EndGlobalSection
	GlobalSection(ProjectConfigurationPlatforms) = postSolution
		{1DE16E4E-A6F2-4D9F-9609-ABADE2833C67}.Debug|Any CPU.ActiveCfg = Debug|Any CPU
		{1DE16E4E-A6F2-4D9F-9609-ABADE2833C67}.Debug|Any CPU.Build.0 = Debug|Any CPU
		{1DE16E4E-A6F2-4D9F-9609-ABADE2833C67}.Release|Any CPU.ActiveCfg = Release|Any CPU
		{1DE16E4E-A6F2-4D9F-9609-ABADE2833C67}.Release|Any CPU.Build.0 = Release|Any CPU
		{AED71019-22BB-41AC-9159-9B1979C267DD}.Debug|Any CPU.ActiveCfg = Debug|Any CPU
		{AED71019-22BB-41AC-9159-9B1979C267DD}.Debug|Any CPU.Build.0 = Debug|Any CPU
		{AED71019-22BB-41AC-9159-9B1979C267DD}.Release|Any CPU.ActiveCfg = Release|Any CPU
		{AED71019-22BB-41AC-9159-9B1979C267DD}.Release|Any CPU.Build.0 = Release|Any CPU
		{ED12AEC1-E1B2-4302-8DE4-886ED3082BD0}.Debug|Any CPU.ActiveCfg = Debug|Any CPU
		{ED12AEC1-E1B2-4302-8DE4-886ED3082BD0}.Debug|Any CPU.Build.0 = Debug|Any CPU
		{ED12AEC1-E1B2-4302-8DE4-886ED3082BD0}.Release|Any CPU.ActiveCfg = Release|Any CPU
		{ED12AEC1-E1B2-4302-8DE4-886ED3082BD0}.Release|Any CPU.Build.0 = Release|Any CPU
		{A5B3C532-0354-4A4B-9A2A-9FB015C40D5F}.Debug|Any CPU.ActiveCfg = Debug|Any CPU
		{A5B3C532-0354-4A4B-9A2A-9FB015C40D5F}.Debug|Any CPU.Build.0 = Debug|Any CPU
		{A5B3C532-0354-4A4B-9A2A-9FB015C40D5F}.Release|Any CPU.ActiveCfg = Release|Any CPU
		{A5B3C532-0354-4A4B-9A2A-9FB015C40D5F}.Release|Any CPU.Build.0 = Release|Any CPU
		{9216E48B-81C3-4BE3-9E51-1E4A730E1706}.Debug|Any CPU.ActiveCfg = Debug|Any CPU
		{9216E48B-81C3-4BE3-9E51-1E4A730E1706}.Debug|Any CPU.Build.0 = Debug|Any CPU
		{9216E48B-81C3-4BE3-9E51-1E4A730E1706}.Release|Any CPU.ActiveCfg = Release|Any CPU
		{9216E48B-81C3-4BE3-9E51-1E4A730E1706}.Release|Any CPU.Build.0 = Release|Any CPU
	EndGlobalSection
	GlobalSection(SolutionProperties) = preSolution
		HideSolutionNode = FALSE
	EndGlobalSection
	GlobalSection(ExtensibilityGlobals) = postSolution
		SolutionGuid = {9FAF6924-0F2C-49F4-97C0-640476F271D5}
	EndGlobalSection
EndGlobal
